// !$*UTF8*$!
{
	archiveVersion = 1;
	classes = {
	};
	objectVersion = 46;
	objects = {

/* Begin PBXBuildFile section */
		3B0B839C1E2D92E300D87ECB /* AppDelegate.swift in Sources */ = {isa = PBXBuildFile; fileRef = 3B0B839B1E2D92E300D87ECB /* AppDelegate.swift */; };
		3B0B839E1E2D92E300D87ECB /* ViewController.swift in Sources */ = {isa = PBXBuildFile; fileRef = 3B0B839D1E2D92E300D87ECB /* ViewController.swift */; };
		3B0B83A11E2D92E300D87ECB /* Main.storyboard in Resources */ = {isa = PBXBuildFile; fileRef = 3B0B839F1E2D92E300D87ECB /* Main.storyboard */; };
		3B0B83A31E2D92E300D87ECB /* Assets.xcassets in Resources */ = {isa = PBXBuildFile; fileRef = 3B0B83A21E2D92E300D87ECB /* Assets.xcassets */; };
		3B0B83A61E2D92E300D87ECB /* LaunchScreen.storyboard in Resources */ = {isa = PBXBuildFile; fileRef = 3B0B83A41E2D92E300D87ECB /* LaunchScreen.storyboard */; };
		3B0B83B11E2D92E300D87ECB /* La_Rioja_TriatlonTests.swift in Sources */ = {isa = PBXBuildFile; fileRef = 3B0B83B01E2D92E300D87ECB /* La_Rioja_TriatlonTests.swift */; };
		3B0B83BC1E2D92E300D87ECB /* La_Rioja_TriatlonUITests.swift in Sources */ = {isa = PBXBuildFile; fileRef = 3B0B83BB1E2D92E300D87ECB /* La_Rioja_TriatlonUITests.swift */; };
		3B0B83CB1E2D92EB00D87ECB /* MapKit.framework in Frameworks */ = {isa = PBXBuildFile; fileRef = 3B0B83CA1E2D92EB00D87ECB /* MapKit.framework */; };
		3BFB48591E2EE2BA008B8CA6 /* ViewControllerInscripcion.swift in Sources */ = {isa = PBXBuildFile; fileRef = 3BFB48581E2EE2BA008B8CA6 /* ViewControllerInscripcion.swift */; };
		3BFB487F1E2EEE1C008B8CA6 /* bici.png in Resources */ = {isa = PBXBuildFile; fileRef = 3BFB48641E2EEE1C008B8CA6 /* bici.png */; };
		3BFB48801E2EEE1C008B8CA6 /* contacticon.png in Resources */ = {isa = PBXBuildFile; fileRef = 3BFB48651E2EEE1C008B8CA6 /* contacticon.png */; };
		3BFB48811E2EEE1C008B8CA6 /* correr.png in Resources */ = {isa = PBXBuildFile; fileRef = 3BFB48661E2EEE1C008B8CA6 /* correr.png */; };
		3BFB48821E2EEE1C008B8CA6 /* facebook.png in Resources */ = {isa = PBXBuildFile; fileRef = 3BFB48671E2EEE1C008B8CA6 /* facebook.png */; };
		3BFB48831E2EEE1C008B8CA6 /* half.jpeg in Resources */ = {isa = PBXBuildFile; fileRef = 3BFB48681E2EEE1C008B8CA6 /* half.jpeg */; };
		3BFB48841E2EEE1C008B8CA6 /* hotel.png in Resources */ = {isa = PBXBuildFile; fileRef = 3BFB48691E2EEE1C008B8CA6 /* hotel.png */; };
		3BFB48851E2EEE1C008B8CA6 /* info.png in Resources */ = {isa = PBXBuildFile; fileRef = 3BFB486A1E2EEE1C008B8CA6 /* info.png */; };
		3BFB48861E2EEE1C008B8CA6 /* innevento.jpg in Resources */ = {isa = PBXBuildFile; fileRef = 3BFB486B1E2EEE1C008B8CA6 /* innevento.jpg */; };
		3BFB48871E2EEE1C008B8CA6 /* larioja.jpg in Resources */ = {isa = PBXBuildFile; fileRef = 3BFB486C1E2EEE1C008B8CA6 /* larioja.jpg */; };
		3BFB48881E2EEE1C008B8CA6 /* logoblanco.png in Resources */ = {isa = PBXBuildFile; fileRef = 3BFB486D1E2EEE1C008B8CA6 /* logoblanco.png */; };
		3BFB48891E2EEE1C008B8CA6 /* logonegro.png in Resources */ = {isa = PBXBuildFile; fileRef = 3BFB486E1E2EEE1C008B8CA6 /* logonegro.png */; };
		3BFB488A1E2EEE1C008B8CA6 /* logook.jpg in Resources */ = {isa = PBXBuildFile; fileRef = 3BFB486F1E2EEE1C008B8CA6 /* logook.jpg */; };
		3BFB488B1E2EEE1C008B8CA6 /* logos.png in Resources */ = {isa = PBXBuildFile; fileRef = 3BFB48701E2EEE1C008B8CA6 /* logos.png */; };
		3BFB488C1E2EEE1C008B8CA6 /* logrono.jpg in Resources */ = {isa = PBXBuildFile; fileRef = 3BFB48711E2EEE1C008B8CA6 /* logrono.jpg */; };
		3BFB488D1E2EEE1C008B8CA6 /* mapa.png in Resources */ = {isa = PBXBuildFile; fileRef = 3BFB48721E2EEE1C008B8CA6 /* mapa.png */; };
		3BFB488E1E2EEE1C008B8CA6 /* meta.png in Resources */ = {isa = PBXBuildFile; fileRef = 3BFB48731E2EEE1C008B8CA6 /* meta.png */; };
		3BFB488F1E2EEE1C008B8CA6 /* parking.png in Resources */ = {isa = PBXBuildFile; fileRef = 3BFB48741E2EEE1C008B8CA6 /* parking.png */; };
		3BFB48901E2EEE1C008B8CA6 /* perfilbici.jpg in Resources */ = {isa = PBXBuildFile; fileRef = 3BFB48751E2EEE1C008B8CA6 /* perfilbici.jpg */; };
		3BFB48911E2EEE1C008B8CA6 /* perfilbici2.jpg in Resources */ = {isa = PBXBuildFile; fileRef = 3BFB48761E2EEE1C008B8CA6 /* perfilbici2.jpg */; };
		3BFB48921E2EEE1C008B8CA6 /* recorridos.png in Resources */ = {isa = PBXBuildFile; fileRef = 3BFB48771E2EEE1C008B8CA6 /* recorridos.png */; };
		3BFB48931E2EEE1C008B8CA6 /* secbici.png in Resources */ = {isa = PBXBuildFile; fileRef = 3BFB48781E2EEE1C008B8CA6 /* secbici.png */; };
		3BFB48941E2EEE1C008B8CA6 /* seccor.jpg in Resources */ = {isa = PBXBuildFile; fileRef = 3BFB48791E2EEE1C008B8CA6 /* seccor.jpg */; };
		3BFB48951E2EEE1C008B8CA6 /* secnat.jpg in Resources */ = {isa = PBXBuildFile; fileRef = 3BFB487A1E2EEE1C008B8CA6 /* secnat.jpg */; };
		3BFB48961E2EEE1C008B8CA6 /* swimmer.png in Resources */ = {isa = PBXBuildFile; fileRef = 3BFB487B1E2EEE1C008B8CA6 /* swimmer.png */; };
		3BFB48971E2EEE1C008B8CA6 /* trans.jpg in Resources */ = {isa = PBXBuildFile; fileRef = 3BFB487C1E2EEE1C008B8CA6 /* trans.jpg */; };
		3BFB48981E2EEE1C008B8CA6 /* twitter.png in Resources */ = {isa = PBXBuildFile; fileRef = 3BFB487D1E2EEE1C008B8CA6 /* twitter.png */; };
		3BFB48991E2EEE1C008B8CA6 /* web.png in Resources */ = {isa = PBXBuildFile; fileRef = 3BFB487E1E2EEE1C008B8CA6 /* web.png */; };
		3BFB489D1E3028E1008B8CA6 /* ViewControllerLogrono.swift in Sources */ = {isa = PBXBuildFile; fileRef = 3BFB489C1E3028E1008B8CA6 /* ViewControllerLogrono.swift */; };
		3BFB489F1E30296E008B8CA6 /* ViewControllerLaRioja.swift in Sources */ = {isa = PBXBuildFile; fileRef = 3BFB489E1E30296E008B8CA6 /* ViewControllerLaRioja.swift */; };
		3BFB48A11E317292008B8CA6 /* ViewControllerMapa.swift in Sources */ = {isa = PBXBuildFile; fileRef = 3BFB48A01E317292008B8CA6 /* ViewControllerMapa.swift */; };
/* End PBXBuildFile section */

/* Begin PBXContainerItemProxy section */
		3B0B83AD1E2D92E300D87ECB /* PBXContainerItemProxy */ = {
			isa = PBXContainerItemProxy;
			containerPortal = 3B0B83901E2D92E300D87ECB /* Project object */;
			proxyType = 1;
			remoteGlobalIDString = 3B0B83971E2D92E300D87ECB;
			remoteInfo = "La Rioja Triatlon";
		};
		3B0B83B81E2D92E300D87ECB /* PBXContainerItemProxy */ = {
			isa = PBXContainerItemProxy;
			containerPortal = 3B0B83901E2D92E300D87ECB /* Project object */;
			proxyType = 1;
			remoteGlobalIDString = 3B0B83971E2D92E300D87ECB;
			remoteInfo = "La Rioja Triatlon";
		};
/* End PBXContainerItemProxy section */

/* Begin PBXFileReference section */
		3B0B83981E2D92E300D87ECB /* La Rioja Triatlon.app */ = {isa = PBXFileReference; explicitFileType = wrapper.application; includeInIndex = 0; path = "La Rioja Triatlon.app"; sourceTree = BUILT_PRODUCTS_DIR; };
		3B0B839B1E2D92E300D87ECB /* AppDelegate.swift */ = {isa = PBXFileReference; lastKnownFileType = sourcecode.swift; path = AppDelegate.swift; sourceTree = "<group>"; };
		3B0B839D1E2D92E300D87ECB /* ViewController.swift */ = {isa = PBXFileReference; lastKnownFileType = sourcecode.swift; path = ViewController.swift; sourceTree = "<group>"; };
		3B0B83A01E2D92E300D87ECB /* Base */ = {isa = PBXFileReference; lastKnownFileType = file.storyboard; name = Base; path = Base.lproj/Main.storyboard; sourceTree = "<group>"; };
		3B0B83A21E2D92E300D87ECB /* Assets.xcassets */ = {isa = PBXFileReference; lastKnownFileType = folder.assetcatalog; path = Assets.xcassets; sourceTree = "<group>"; };
		3B0B83A51E2D92E300D87ECB /* Base */ = {isa = PBXFileReference; lastKnownFileType = file.storyboard; name = Base; path = Base.lproj/LaunchScreen.storyboard; sourceTree = "<group>"; };
		3B0B83A71E2D92E300D87ECB /* Info.plist */ = {isa = PBXFileReference; lastKnownFileType = text.plist.xml; path = Info.plist; sourceTree = "<group>"; };
		3B0B83AC1E2D92E300D87ECB /* La Rioja TriatlonTests.xctest */ = {isa = PBXFileReference; explicitFileType = wrapper.cfbundle; includeInIndex = 0; path = "La Rioja TriatlonTests.xctest"; sourceTree = BUILT_PRODUCTS_DIR; };
		3B0B83B01E2D92E300D87ECB /* La_Rioja_TriatlonTests.swift */ = {isa = PBXFileReference; lastKnownFileType = sourcecode.swift; path = La_Rioja_TriatlonTests.swift; sourceTree = "<group>"; };
		3B0B83B21E2D92E300D87ECB /* Info.plist */ = {isa = PBXFileReference; lastKnownFileType = text.plist.xml; path = Info.plist; sourceTree = "<group>"; };
		3B0B83B71E2D92E300D87ECB /* La Rioja TriatlonUITests.xctest */ = {isa = PBXFileReference; explicitFileType = wrapper.cfbundle; includeInIndex = 0; path = "La Rioja TriatlonUITests.xctest"; sourceTree = BUILT_PRODUCTS_DIR; };
		3B0B83BB1E2D92E300D87ECB /* La_Rioja_TriatlonUITests.swift */ = {isa = PBXFileReference; lastKnownFileType = sourcecode.swift; path = La_Rioja_TriatlonUITests.swift; sourceTree = "<group>"; };
		3B0B83BD1E2D92E300D87ECB /* Info.plist */ = {isa = PBXFileReference; lastKnownFileType = text.plist.xml; path = Info.plist; sourceTree = "<group>"; };
		3B0B83CA1E2D92EB00D87ECB /* MapKit.framework */ = {isa = PBXFileReference; lastKnownFileType = wrapper.framework; name = MapKit.framework; path = System/Library/Frameworks/MapKit.framework; sourceTree = SDKROOT; };
		3BFB48581E2EE2BA008B8CA6 /* ViewControllerInscripcion.swift */ = {isa = PBXFileReference; fileEncoding = 4; lastKnownFileType = sourcecode.swift; path = ViewControllerInscripcion.swift; sourceTree = "<group>"; };
		3BFB48641E2EEE1C008B8CA6 /* bici.png */ = {isa = PBXFileReference; lastKnownFileType = image.png; name = bici.png; path = "../../../../../Downloads/Lsachaabazan-i-half-triatlon-rioja-04ef640e7671/app/src/main/res/drawable/bici.png"; sourceTree = "<group>"; };
		3BFB48651E2EEE1C008B8CA6 /* contacticon.png */ = {isa = PBXFileReference; lastKnownFileType = image.png; name = contacticon.png; path = "../../../../../Downloads/Lsachaabazan-i-half-triatlon-rioja-04ef640e7671/app/src/main/res/drawable/contacticon.png"; sourceTree = "<group>"; };
		3BFB48661E2EEE1C008B8CA6 /* correr.png */ = {isa = PBXFileReference; lastKnownFileType = image.png; name = correr.png; path = "../../../../../Downloads/Lsachaabazan-i-half-triatlon-rioja-04ef640e7671/app/src/main/res/drawable/correr.png"; sourceTree = "<group>"; };
		3BFB48671E2EEE1C008B8CA6 /* facebook.png */ = {isa = PBXFileReference; lastKnownFileType = image.png; name = facebook.png; path = "../../../../../Downloads/Lsachaabazan-i-half-triatlon-rioja-04ef640e7671/app/src/main/res/drawable/facebook.png"; sourceTree = "<group>"; };
		3BFB48681E2EEE1C008B8CA6 /* half.jpeg */ = {isa = PBXFileReference; lastKnownFileType = image.jpeg; name = half.jpeg; path = "../../../../../Downloads/Lsachaabazan-i-half-triatlon-rioja-04ef640e7671/app/src/main/res/drawable/half.jpeg"; sourceTree = "<group>"; };
		3BFB48691E2EEE1C008B8CA6 /* hotel.png */ = {isa = PBXFileReference; lastKnownFileType = image.png; name = hotel.png; path = "../../../../../Downloads/Lsachaabazan-i-half-triatlon-rioja-04ef640e7671/app/src/main/res/drawable/hotel.png"; sourceTree = "<group>"; };
		3BFB486A1E2EEE1C008B8CA6 /* info.png */ = {isa = PBXFileReference; lastKnownFileType = image.png; name = info.png; path = "../../../../../Downloads/Lsachaabazan-i-half-triatlon-rioja-04ef640e7671/app/src/main/res/drawable/info.png"; sourceTree = "<group>"; };
		3BFB486B1E2EEE1C008B8CA6 /* innevento.jpg */ = {isa = PBXFileReference; lastKnownFileType = image.jpeg; name = innevento.jpg; path = "../../../../../Downloads/Lsachaabazan-i-half-triatlon-rioja-04ef640e7671/app/src/main/res/drawable/innevento.jpg"; sourceTree = "<group>"; };
		3BFB486C1E2EEE1C008B8CA6 /* larioja.jpg */ = {isa = PBXFileReference; lastKnownFileType = image.jpeg; name = larioja.jpg; path = "../../../../../Downloads/Lsachaabazan-i-half-triatlon-rioja-04ef640e7671/app/src/main/res/drawable/larioja.jpg"; sourceTree = "<group>"; };
		3BFB486D1E2EEE1C008B8CA6 /* logoblanco.png */ = {isa = PBXFileReference; lastKnownFileType = image.png; name = logoblanco.png; path = "../../../../../Downloads/Lsachaabazan-i-half-triatlon-rioja-04ef640e7671/app/src/main/res/drawable/logoblanco.png"; sourceTree = "<group>"; };
		3BFB486E1E2EEE1C008B8CA6 /* logonegro.png */ = {isa = PBXFileReference; lastKnownFileType = image.png; name = logonegro.png; path = "../../../../../Downloads/Lsachaabazan-i-half-triatlon-rioja-04ef640e7671/app/src/main/res/drawable/logonegro.png"; sourceTree = "<group>"; };
		3BFB486F1E2EEE1C008B8CA6 /* logook.jpg */ = {isa = PBXFileReference; lastKnownFileType = image.jpeg; name = logook.jpg; path = "../../../../../Downloads/Lsachaabazan-i-half-triatlon-rioja-04ef640e7671/app/src/main/res/drawable/logook.jpg"; sourceTree = "<group>"; };
		3BFB48701E2EEE1C008B8CA6 /* logos.png */ = {isa = PBXFileReference; lastKnownFileType = image.png; name = logos.png; path = "../../../../../Downloads/Lsachaabazan-i-half-triatlon-rioja-04ef640e7671/app/src/main/res/drawable/logos.png"; sourceTree = "<group>"; };
		3BFB48711E2EEE1C008B8CA6 /* logrono.jpg */ = {isa = PBXFileReference; lastKnownFileType = image.jpeg; name = logrono.jpg; path = "../../../../../Downloads/Lsachaabazan-i-half-triatlon-rioja-04ef640e7671/app/src/main/res/drawable/logrono.jpg"; sourceTree = "<group>"; };
		3BFB48721E2EEE1C008B8CA6 /* mapa.png */ = {isa = PBXFileReference; lastKnownFileType = image.png; name = mapa.png; path = "../../../../../Downloads/Lsachaabazan-i-half-triatlon-rioja-04ef640e7671/app/src/main/res/drawable/mapa.png"; sourceTree = "<group>"; };
		3BFB48731E2EEE1C008B8CA6 /* meta.png */ = {isa = PBXFileReference; lastKnownFileType = image.png; name = meta.png; path = "../../../../../Downloads/Lsachaabazan-i-half-triatlon-rioja-04ef640e7671/app/src/main/res/drawable/meta.png"; sourceTree = "<group>"; };
		3BFB48741E2EEE1C008B8CA6 /* parking.png */ = {isa = PBXFileReference; lastKnownFileType = image.png; name = parking.png; path = "../../../../../Downloads/Lsachaabazan-i-half-triatlon-rioja-04ef640e7671/app/src/main/res/drawable/parking.png"; sourceTree = "<group>"; };
		3BFB48751E2EEE1C008B8CA6 /* perfilbici.jpg */ = {isa = PBXFileReference; lastKnownFileType = image.jpeg; name = perfilbici.jpg; path = "../../../../../Downloads/Lsachaabazan-i-half-triatlon-rioja-04ef640e7671/app/src/main/res/drawable/perfilbici.jpg"; sourceTree = "<group>"; };
		3BFB48761E2EEE1C008B8CA6 /* perfilbici2.jpg */ = {isa = PBXFileReference; lastKnownFileType = image.jpeg; name = perfilbici2.jpg; path = "../../../../../Downloads/Lsachaabazan-i-half-triatlon-rioja-04ef640e7671/app/src/main/res/drawable/perfilbici2.jpg"; sourceTree = "<group>"; };
		3BFB48771E2EEE1C008B8CA6 /* recorridos.png */ = {isa = PBXFileReference; lastKnownFileType = image.png; name = recorridos.png; path = "../../../../../Downloads/Lsachaabazan-i-half-triatlon-rioja-04ef640e7671/app/src/main/res/drawable/recorridos.png"; sourceTree = "<group>"; };
		3BFB48781E2EEE1C008B8CA6 /* secbici.png */ = {isa = PBXFileReference; lastKnownFileType = image.png; name = secbici.png; path = "../../../../../Downloads/Lsachaabazan-i-half-triatlon-rioja-04ef640e7671/app/src/main/res/drawable/secbici.png"; sourceTree = "<group>"; };
		3BFB48791E2EEE1C008B8CA6 /* seccor.jpg */ = {isa = PBXFileReference; lastKnownFileType = image.jpeg; name = seccor.jpg; path = "../../../../../Downloads/Lsachaabazan-i-half-triatlon-rioja-04ef640e7671/app/src/main/res/drawable/seccor.jpg"; sourceTree = "<group>"; };
		3BFB487A1E2EEE1C008B8CA6 /* secnat.jpg */ = {isa = PBXFileReference; lastKnownFileType = image.jpeg; name = secnat.jpg; path = "../../../../../Downloads/Lsachaabazan-i-half-triatlon-rioja-04ef640e7671/app/src/main/res/drawable/secnat.jpg"; sourceTree = "<group>"; };
		3BFB487B1E2EEE1C008B8CA6 /* swimmer.png */ = {isa = PBXFileReference; lastKnownFileType = image.png; name = swimmer.png; path = "../../../../../Downloads/Lsachaabazan-i-half-triatlon-rioja-04ef640e7671/app/src/main/res/drawable/swimmer.png"; sourceTree = "<group>"; };
		3BFB487C1E2EEE1C008B8CA6 /* trans.jpg */ = {isa = PBXFileReference; lastKnownFileType = image.jpeg; name = trans.jpg; path = "../../../../../Downloads/Lsachaabazan-i-half-triatlon-rioja-04ef640e7671/app/src/main/res/drawable/trans.jpg"; sourceTree = "<group>"; };
		3BFB487D1E2EEE1C008B8CA6 /* twitter.png */ = {isa = PBXFileReference; lastKnownFileType = image.png; name = twitter.png; path = "../../../../../Downloads/Lsachaabazan-i-half-triatlon-rioja-04ef640e7671/app/src/main/res/drawable/twitter.png"; sourceTree = "<group>"; };
		3BFB487E1E2EEE1C008B8CA6 /* web.png */ = {isa = PBXFileReference; lastKnownFileType = image.png; name = web.png; path = "../../../../../Downloads/Lsachaabazan-i-half-triatlon-rioja-04ef640e7671/app/src/main/res/drawable/web.png"; sourceTree = "<group>"; };
		3BFB489C1E3028E1008B8CA6 /* ViewControllerLogrono.swift */ = {isa = PBXFileReference; fileEncoding = 4; lastKnownFileType = sourcecode.swift; path = ViewControllerLogrono.swift; sourceTree = "<group>"; };
		3BFB489E1E30296E008B8CA6 /* ViewControllerLaRioja.swift */ = {isa = PBXFileReference; fileEncoding = 4; lastKnownFileType = sourcecode.swift; path = ViewControllerLaRioja.swift; sourceTree = "<group>"; };
		3BFB48A01E317292008B8CA6 /* ViewControllerMapa.swift */ = {isa = PBXFileReference; fileEncoding = 4; lastKnownFileType = sourcecode.swift; path = ViewControllerMapa.swift; sourceTree = "<group>"; };
/* End PBXFileReference section */

/* Begin PBXFrameworksBuildPhase section */
		3B0B83951E2D92E300D87ECB /* Frameworks */ = {
			isa = PBXFrameworksBuildPhase;
			buildActionMask = 2147483647;
			files = (
				3B0B83CB1E2D92EB00D87ECB /* MapKit.framework in Frameworks */,
			);
			runOnlyForDeploymentPostprocessing = 0;
		};
		3B0B83A91E2D92E300D87ECB /* Frameworks */ = {
			isa = PBXFrameworksBuildPhase;
			buildActionMask = 2147483647;
			files = (
			);
			runOnlyForDeploymentPostprocessing = 0;
		};
		3B0B83B41E2D92E300D87ECB /* Frameworks */ = {
			isa = PBXFrameworksBuildPhase;
			buildActionMask = 2147483647;
			files = (
			);
			runOnlyForDeploymentPostprocessing = 0;
		};
/* End PBXFrameworksBuildPhase section */

/* Begin PBXGroup section */
		3B0B838F1E2D92E300D87ECB = {
			isa = PBXGroup;
			children = (
				3B0B839A1E2D92E300D87ECB /* La Rioja Triatlon */,
				3B0B83AF1E2D92E300D87ECB /* La Rioja TriatlonTests */,
				3B0B83BA1E2D92E300D87ECB /* La Rioja TriatlonUITests */,
				3B0B83991E2D92E300D87ECB /* Products */,
				3B0B83C91E2D92EB00D87ECB /* Frameworks */,
			);
			sourceTree = "<group>";
		};
		3B0B83991E2D92E300D87ECB /* Products */ = {
			isa = PBXGroup;
			children = (
				3B0B83981E2D92E300D87ECB /* La Rioja Triatlon.app */,
				3B0B83AC1E2D92E300D87ECB /* La Rioja TriatlonTests.xctest */,
				3B0B83B71E2D92E300D87ECB /* La Rioja TriatlonUITests.xctest */,
			);
			name = Products;
			sourceTree = "<group>";
		};
		3B0B839A1E2D92E300D87ECB /* La Rioja Triatlon */ = {
			isa = PBXGroup;
			children = (
				3BFB48641E2EEE1C008B8CA6 /* bici.png */,
				3BFB48651E2EEE1C008B8CA6 /* contacticon.png */,
				3BFB48661E2EEE1C008B8CA6 /* correr.png */,
				3BFB48671E2EEE1C008B8CA6 /* facebook.png */,
				3BFB48681E2EEE1C008B8CA6 /* half.jpeg */,
				3BFB48691E2EEE1C008B8CA6 /* hotel.png */,
				3BFB486A1E2EEE1C008B8CA6 /* info.png */,
				3BFB486B1E2EEE1C008B8CA6 /* innevento.jpg */,
				3BFB486C1E2EEE1C008B8CA6 /* larioja.jpg */,
				3BFB486D1E2EEE1C008B8CA6 /* logoblanco.png */,
				3BFB486E1E2EEE1C008B8CA6 /* logonegro.png */,
				3BFB486F1E2EEE1C008B8CA6 /* logook.jpg */,
				3BFB48701E2EEE1C008B8CA6 /* logos.png */,
				3BFB48711E2EEE1C008B8CA6 /* logrono.jpg */,
				3BFB48721E2EEE1C008B8CA6 /* mapa.png */,
				3BFB48731E2EEE1C008B8CA6 /* meta.png */,
				3BFB48741E2EEE1C008B8CA6 /* parking.png */,
				3BFB48751E2EEE1C008B8CA6 /* perfilbici.jpg */,
				3BFB48761E2EEE1C008B8CA6 /* perfilbici2.jpg */,
				3BFB48771E2EEE1C008B8CA6 /* recorridos.png */,
				3BFB48781E2EEE1C008B8CA6 /* secbici.png */,
				3BFB48791E2EEE1C008B8CA6 /* seccor.jpg */,
				3BFB487A1E2EEE1C008B8CA6 /* secnat.jpg */,
				3BFB487B1E2EEE1C008B8CA6 /* swimmer.png */,
				3BFB489E1E30296E008B8CA6 /* ViewControllerLaRioja.swift */,
				3BFB487C1E2EEE1C008B8CA6 /* trans.jpg */,
				3BFB487D1E2EEE1C008B8CA6 /* twitter.png */,
				3BFB487E1E2EEE1C008B8CA6 /* web.png */,
				3B0B839B1E2D92E300D87ECB /* AppDelegate.swift */,
				3B0B839D1E2D92E300D87ECB /* ViewController.swift */,
				3B0B839F1E2D92E300D87ECB /* Main.storyboard */,
				3B0B83A21E2D92E300D87ECB /* Assets.xcassets */,
				3B0B83A41E2D92E300D87ECB /* LaunchScreen.storyboard */,
				3B0B83A71E2D92E300D87ECB /* Info.plist */,
				3BFB48581E2EE2BA008B8CA6 /* ViewControllerInscripcion.swift */,
				3BFB489C1E3028E1008B8CA6 /* ViewControllerLogrono.swift */,
				3BFB48A01E317292008B8CA6 /* ViewControllerMapa.swift */,
			);
			path = "La Rioja Triatlon";
			sourceTree = "<group>";
		};
		3B0B83AF1E2D92E300D87ECB /* La Rioja TriatlonTests */ = {
			isa = PBXGroup;
			children = (
				3B0B83B01E2D92E300D87ECB /* La_Rioja_TriatlonTests.swift */,
				3B0B83B21E2D92E300D87ECB /* Info.plist */,
			);
			path = "La Rioja TriatlonTests";
			sourceTree = "<group>";
		};
		3B0B83BA1E2D92E300D87ECB /* La Rioja TriatlonUITests */ = {
			isa = PBXGroup;
			children = (
				3B0B83BB1E2D92E300D87ECB /* La_Rioja_TriatlonUITests.swift */,
				3B0B83BD1E2D92E300D87ECB /* Info.plist */,
			);
			path = "La Rioja TriatlonUITests";
			sourceTree = "<group>";
		};
		3B0B83C91E2D92EB00D87ECB /* Frameworks */ = {
			isa = PBXGroup;
			children = (
				3B0B83CA1E2D92EB00D87ECB /* MapKit.framework */,
			);
			name = Frameworks;
			sourceTree = "<group>";
		};
/* End PBXGroup section */

/* Begin PBXNativeTarget section */
		3B0B83971E2D92E300D87ECB /* La Rioja Triatlon */ = {
			isa = PBXNativeTarget;
			buildConfigurationList = 3B0B83C01E2D92E300D87ECB /* Build configuration list for PBXNativeTarget "La Rioja Triatlon" */;
			buildPhases = (
				3B0B83941E2D92E300D87ECB /* Sources */,
				3B0B83951E2D92E300D87ECB /* Frameworks */,
				3B0B83961E2D92E300D87ECB /* Resources */,
			);
			buildRules = (
			);
			dependencies = (
			);
			name = "La Rioja Triatlon";
			productName = "La Rioja Triatlon";
			productReference = 3B0B83981E2D92E300D87ECB /* La Rioja Triatlon.app */;
			productType = "com.apple.product-type.application";
		};
		3B0B83AB1E2D92E300D87ECB /* La Rioja TriatlonTests */ = {
			isa = PBXNativeTarget;
			buildConfigurationList = 3B0B83C31E2D92E300D87ECB /* Build configuration list for PBXNativeTarget "La Rioja TriatlonTests" */;
			buildPhases = (
				3B0B83A81E2D92E300D87ECB /* Sources */,
				3B0B83A91E2D92E300D87ECB /* Frameworks */,
				3B0B83AA1E2D92E300D87ECB /* Resources */,
			);
			buildRules = (
			);
			dependencies = (
				3B0B83AE1E2D92E300D87ECB /* PBXTargetDependency */,
			);
			name = "La Rioja TriatlonTests";
			productName = "La Rioja TriatlonTests";
			productReference = 3B0B83AC1E2D92E300D87ECB /* La Rioja TriatlonTests.xctest */;
			productType = "com.apple.product-type.bundle.unit-test";
		};
		3B0B83B61E2D92E300D87ECB /* La Rioja TriatlonUITests */ = {
			isa = PBXNativeTarget;
			buildConfigurationList = 3B0B83C61E2D92E300D87ECB /* Build configuration list for PBXNativeTarget "La Rioja TriatlonUITests" */;
			buildPhases = (
				3B0B83B31E2D92E300D87ECB /* Sources */,
				3B0B83B41E2D92E300D87ECB /* Frameworks */,
				3B0B83B51E2D92E300D87ECB /* Resources */,
			);
			buildRules = (
			);
			dependencies = (
				3B0B83B91E2D92E300D87ECB /* PBXTargetDependency */,
			);
			name = "La Rioja TriatlonUITests";
			productName = "La Rioja TriatlonUITests";
			productReference = 3B0B83B71E2D92E300D87ECB /* La Rioja TriatlonUITests.xctest */;
			productType = "com.apple.product-type.bundle.ui-testing";
		};
/* End PBXNativeTarget section */

/* Begin PBXProject section */
		3B0B83901E2D92E300D87ECB /* Project object */ = {
			isa = PBXProject;
			attributes = {
				LastSwiftUpdateCheck = 0820;
				LastUpgradeCheck = 0820;
				ORGANIZATIONNAME = "Luis Sacha Arancibia Bazan";
				TargetAttributes = {
					3B0B83971E2D92E300D87ECB = {
						CreatedOnToolsVersion = 8.2.1;
						DevelopmentTeam = 2A4DGMQYU7;
						ProvisioningStyle = Automatic;
						SystemCapabilities = {
							com.apple.Maps.iOS = {
								enabled = 1;
							};
						};
					};
					3B0B83AB1E2D92E300D87ECB = {
						CreatedOnToolsVersion = 8.2.1;
						DevelopmentTeam = 2A4DGMQYU7;
						ProvisioningStyle = Automatic;
						TestTargetID = 3B0B83971E2D92E300D87ECB;
					};
					3B0B83B61E2D92E300D87ECB = {
						CreatedOnToolsVersion = 8.2.1;
						DevelopmentTeam = 2A4DGMQYU7;
						ProvisioningStyle = Automatic;
						TestTargetID = 3B0B83971E2D92E300D87ECB;
					};
				};
			};
			buildConfigurationList = 3B0B83931E2D92E300D87ECB /* Build configuration list for PBXProject "La Rioja Triatlon" */;
			compatibilityVersion = "Xcode 3.2";
			developmentRegion = English;
			hasScannedForEncodings = 0;
			knownRegions = (
				en,
				Base,
			);
			mainGroup = 3B0B838F1E2D92E300D87ECB;
			productRefGroup = 3B0B83991E2D92E300D87ECB /* Products */;
			projectDirPath = "";
			projectRoot = "";
			targets = (
				3B0B83971E2D92E300D87ECB /* La Rioja Triatlon */,
				3B0B83AB1E2D92E300D87ECB /* La Rioja TriatlonTests */,
				3B0B83B61E2D92E300D87ECB /* La Rioja TriatlonUITests */,
			);
		};
/* End PBXProject section */

/* Begin PBXResourcesBuildPhase section */
		3B0B83961E2D92E300D87ECB /* Resources */ = {
			isa = PBXResourcesBuildPhase;
			buildActionMask = 2147483647;
			files = (
				3BFB48991E2EEE1C008B8CA6 /* web.png in Resources */,
				3BFB488C1E2EEE1C008B8CA6 /* logrono.jpg in Resources */,
				3BFB48961E2EEE1C008B8CA6 /* swimmer.png in Resources */,
				3BFB488B1E2EEE1C008B8CA6 /* logos.png in Resources */,
				3BFB488D1E2EEE1C008B8CA6 /* mapa.png in Resources */,
				3BFB48951E2EEE1C008B8CA6 /* secnat.jpg in Resources */,
				3BFB48831E2EEE1C008B8CA6 /* half.jpeg in Resources */,
				3BFB48851E2EEE1C008B8CA6 /* info.png in Resources */,
				3BFB48891E2EEE1C008B8CA6 /* logonegro.png in Resources */,
				3BFB48971E2EEE1C008B8CA6 /* trans.jpg in Resources */,
				3BFB48841E2EEE1C008B8CA6 /* hotel.png in Resources */,
				3B0B83A61E2D92E300D87ECB /* LaunchScreen.storyboard in Resources */,
				3BFB48931E2EEE1C008B8CA6 /* secbici.png in Resources */,
				3BFB48871E2EEE1C008B8CA6 /* larioja.jpg in Resources */,
				3BFB48981E2EEE1C008B8CA6 /* twitter.png in Resources */,
				3B0B83A31E2D92E300D87ECB /* Assets.xcassets in Resources */,
				3BFB488A1E2EEE1C008B8CA6 /* logook.jpg in Resources */,
				3BFB48901E2EEE1C008B8CA6 /* perfilbici.jpg in Resources */,
				3BFB48811E2EEE1C008B8CA6 /* correr.png in Resources */,
				3BFB48941E2EEE1C008B8CA6 /* seccor.jpg in Resources */,
				3BFB488E1E2EEE1C008B8CA6 /* meta.png in Resources */,
				3BFB48821E2EEE1C008B8CA6 /* facebook.png in Resources */,
				3BFB487F1E2EEE1C008B8CA6 /* bici.png in Resources */,
				3BFB48861E2EEE1C008B8CA6 /* innevento.jpg in Resources */,
				3BFB48881E2EEE1C008B8CA6 /* logoblanco.png in Resources */,
				3BFB48801E2EEE1C008B8CA6 /* contacticon.png in Resources */,
				3BFB48921E2EEE1C008B8CA6 /* recorridos.png in Resources */,
				3BFB48911E2EEE1C008B8CA6 /* perfilbici2.jpg in Resources */,
				3BFB488F1E2EEE1C008B8CA6 /* parking.png in Resources */,
				3B0B83A11E2D92E300D87ECB /* Main.storyboard in Resources */,
			);
			runOnlyForDeploymentPostprocessing = 0;
		};
		3B0B83AA1E2D92E300D87ECB /* Resources */ = {
			isa = PBXResourcesBuildPhase;
			buildActionMask = 2147483647;
			files = (
			);
			runOnlyForDeploymentPostprocessing = 0;
		};
		3B0B83B51E2D92E300D87ECB /* Resources */ = {
			isa = PBXResourcesBuildPhase;
			buildActionMask = 2147483647;
			files = (
			);
			runOnlyForDeploymentPostprocessing = 0;
		};
/* End PBXResourcesBuildPhase section */

/* Begin PBXSourcesBuildPhase section */
		3B0B83941E2D92E300D87ECB /* Sources */ = {
			isa = PBXSourcesBuildPhase;
			buildActionMask = 2147483647;
			files = (
				3B0B839E1E2D92E300D87ECB /* ViewController.swift in Sources */,
				3BFB489F1E30296E008B8CA6 /* ViewControllerLaRioja.swift in Sources */,
				3BFB489D1E3028E1008B8CA6 /* ViewControllerLogrono.swift in Sources */,
				3BFB48A11E317292008B8CA6 /* ViewControllerMapa.swift in Sources */,
				3BFB48591E2EE2BA008B8CA6 /* ViewControllerInscripcion.swift in Sources */,
				3B0B839C1E2D92E300D87ECB /* AppDelegate.swift in Sources */,
			);
			runOnlyForDeploymentPostprocessing = 0;
		};
		3B0B83A81E2D92E300D87ECB /* Sources */ = {
			isa = PBXSourcesBuildPhase;
			buildActionMask = 2147483647;
			files = (
				3B0B83B11E2D92E300D87ECB /* La_Rioja_TriatlonTests.swift in Sources */,
			);
			runOnlyForDeploymentPostprocessing = 0;
		};
		3B0B83B31E2D92E300D87ECB /* Sources */ = {
			isa = PBXSourcesBuildPhase;
			buildActionMask = 2147483647;
			files = (
				3B0B83BC1E2D92E300D87ECB /* La_Rioja_TriatlonUITests.swift in Sources */,
			);
			runOnlyForDeploymentPostprocessing = 0;
		};
/* End PBXSourcesBuildPhase section */

/* Begin PBXTargetDependency section */
		3B0B83AE1E2D92E300D87ECB /* PBXTargetDependency */ = {
			isa = PBXTargetDependency;
			target = 3B0B83971E2D92E300D87ECB /* La Rioja Triatlon */;
			targetProxy = 3B0B83AD1E2D92E300D87ECB /* PBXContainerItemProxy */;
		};
		3B0B83B91E2D92E300D87ECB /* PBXTargetDependency */ = {
			isa = PBXTargetDependency;
			target = 3B0B83971E2D92E300D87ECB /* La Rioja Triatlon */;
			targetProxy = 3B0B83B81E2D92E300D87ECB /* PBXContainerItemProxy */;
		};
/* End PBXTargetDependency section */

/* Begin PBXVariantGroup section */
		3B0B839F1E2D92E300D87ECB /* Main.storyboard */ = {
			isa = PBXVariantGroup;
			children = (
				3B0B83A01E2D92E300D87ECB /* Base */,
			);
			name = Main.storyboard;
			sourceTree = "<group>";
		};
		3B0B83A41E2D92E300D87ECB /* LaunchScreen.storyboard */ = {
			isa = PBXVariantGroup;
			children = (
				3B0B83A51E2D92E300D87ECB /* Base */,
			);
			name = LaunchScreen.storyboard;
			sourceTree = "<group>";
		};
/* End PBXVariantGroup section */

/* Begin XCBuildConfiguration section */
		3B0B83BE1E2D92E300D87ECB /* Debug */ = {
			isa = XCBuildConfiguration;
			buildSettings = {
				ALWAYS_SEARCH_USER_PATHS = NO;
				CLANG_ANALYZER_NONNULL = YES;
				CLANG_CXX_LANGUAGE_STANDARD = "gnu++0x";
				CLANG_CXX_LIBRARY = "libc++";
				CLANG_ENABLE_MODULES = YES;
				CLANG_ENABLE_OBJC_ARC = YES;
				CLANG_WARN_BOOL_CONVERSION = YES;
				CLANG_WARN_CONSTANT_CONVERSION = YES;
				CLANG_WARN_DIRECT_OBJC_ISA_USAGE = YES_ERROR;
				CLANG_WARN_DOCUMENTATION_COMMENTS = YES;
				CLANG_WARN_EMPTY_BODY = YES;
				CLANG_WARN_ENUM_CONVERSION = YES;
				CLANG_WARN_INFINITE_RECURSION = YES;
				CLANG_WARN_INT_CONVERSION = YES;
				CLANG_WARN_OBJC_ROOT_CLASS = YES_ERROR;
				CLANG_WARN_SUSPICIOUS_MOVE = YES;
				CLANG_WARN_UNREACHABLE_CODE = YES;
				CLANG_WARN__DUPLICATE_METHOD_MATCH = YES;
				"CODE_SIGN_IDENTITY[sdk=iphoneos*]" = "iPhone Developer";
				COPY_PHASE_STRIP = NO;
				DEBUG_INFORMATION_FORMAT = dwarf;
				ENABLE_STRICT_OBJC_MSGSEND = YES;
				ENABLE_TESTABILITY = YES;
				GCC_C_LANGUAGE_STANDARD = gnu99;
				GCC_DYNAMIC_NO_PIC = NO;
				GCC_NO_COMMON_BLOCKS = YES;
				GCC_OPTIMIZATION_LEVEL = 0;
				GCC_PREPROCESSOR_DEFINITIONS = (
					"DEBUG=1",
					"$(inherited)",
				);
				GCC_WARN_64_TO_32_BIT_CONVERSION = YES;
				GCC_WARN_ABOUT_RETURN_TYPE = YES_ERROR;
				GCC_WARN_UNDECLARED_SELECTOR = YES;
				GCC_WARN_UNINITIALIZED_AUTOS = YES_AGGRESSIVE;
				GCC_WARN_UNUSED_FUNCTION = YES;
				GCC_WARN_UNUSED_VARIABLE = YES;
				IPHONEOS_DEPLOYMENT_TARGET = 10.2;
				MTL_ENABLE_DEBUG_INFO = YES;
				ONLY_ACTIVE_ARCH = YES;
				SDKROOT = iphoneos;
				SWIFT_ACTIVE_COMPILATION_CONDITIONS = DEBUG;
				SWIFT_OPTIMIZATION_LEVEL = "-Onone";
				TARGETED_DEVICE_FAMILY = "1,2";
			};
			name = Debug;
		};
		3B0B83BF1E2D92E300D87ECB /* Release */ = {
			isa = XCBuildConfiguration;
			buildSettings = {
				ALWAYS_SEARCH_USER_PATHS = NO;
				CLANG_ANALYZER_NONNULL = YES;
				CLANG_CXX_LANGUAGE_STANDARD = "gnu++0x";
				CLANG_CXX_LIBRARY = "libc++";
				CLANG_ENABLE_MODULES = YES;
				CLANG_ENABLE_OBJC_ARC = YES;
				CLANG_WARN_BOOL_CONVERSION = YES;
				CLANG_WARN_CONSTANT_CONVERSION = YES;
				CLANG_WARN_DIRECT_OBJC_ISA_USAGE = YES_ERROR;
				CLANG_WARN_DOCUMENTATION_COMMENTS = YES;
				CLANG_WARN_EMPTY_BODY = YES;
				CLANG_WARN_ENUM_CONVERSION = YES;
				CLANG_WARN_INFINITE_RECURSION = YES;
				CLANG_WARN_INT_CONVERSION = YES;
				CLANG_WARN_OBJC_ROOT_CLASS = YES_ERROR;
				CLANG_WARN_SUSPICIOUS_MOVE = YES;
				CLANG_WARN_UNREACHABLE_CODE = YES;
				CLANG_WARN__DUPLICATE_METHOD_MATCH = YES;
				"CODE_SIGN_IDENTITY[sdk=iphoneos*]" = "iPhone Developer";
				COPY_PHASE_STRIP = NO;
				DEBUG_INFORMATION_FORMAT = "dwarf-with-dsym";
				ENABLE_NS_ASSERTIONS = NO;
				ENABLE_STRICT_OBJC_MSGSEND = YES;
				GCC_C_LANGUAGE_STANDARD = gnu99;
				GCC_NO_COMMON_BLOCKS = YES;
				GCC_WARN_64_TO_32_BIT_CONVERSION = YES;
				GCC_WARN_ABOUT_RETURN_TYPE = YES_ERROR;
				GCC_WARN_UNDECLARED_SELECTOR = YES;
				GCC_WARN_UNINITIALIZED_AUTOS = YES_AGGRESSIVE;
				GCC_WARN_UNUSED_FUNCTION = YES;
				GCC_WARN_UNUSED_VARIABLE = YES;
				IPHONEOS_DEPLOYMENT_TARGET = 10.2;
				MTL_ENABLE_DEBUG_INFO = NO;
				SDKROOT = iphoneos;
				SWIFT_OPTIMIZATION_LEVEL = "-Owholemodule";
				TARGETED_DEVICE_FAMILY = "1,2";
				VALIDATE_PRODUCT = YES;
			};
			name = Release;
		};
		3B0B83C11E2D92E300D87ECB /* Debug */ = {
			isa = XCBuildConfiguration;
			buildSettings = {
				ASSETCATALOG_COMPILER_APPICON_NAME = AppIcon;
				DEVELOPMENT_TEAM = 2A4DGMQYU7;
				INFOPLIST_FILE = "La Rioja Triatlon/Info.plist";
				LD_RUNPATH_SEARCH_PATHS = "$(inherited) @executable_path/Frameworks";
				PRODUCT_BUNDLE_IDENTIFIER = "sachonidas.La-Rioja-Triatlon";
				PRODUCT_NAME = "$(TARGET_NAME)";
				SWIFT_VERSION = 3.0;
			};
			name = Debug;
		};
		3B0B83C21E2D92E300D87ECB /* Release */ = {
			isa = XCBuildConfiguration;
			buildSettings = {
				ASSETCATALOG_COMPILER_APPICON_NAME = AppIcon;
				DEVELOPMENT_TEAM = 2A4DGMQYU7;
				INFOPLIST_FILE = "La Rioja Triatlon/Info.plist";
				LD_RUNPATH_SEARCH_PATHS = "$(inherited) @executable_path/Frameworks";
				PRODUCT_BUNDLE_IDENTIFIER = "sachonidas.La-Rioja-Triatlon";
				PRODUCT_NAME = "$(TARGET_NAME)";
				SWIFT_VERSION = 3.0;
			};
			name = Release;
		};
		3B0B83C41E2D92E300D87ECB /* Debug */ = {
			isa = XCBuildConfiguration;
			buildSettings = {
				ALWAYS_EMBED_SWIFT_STANDARD_LIBRARIES = YES;
				BUNDLE_LOADER = "$(TEST_HOST)";
				DEVELOPMENT_TEAM = 2A4DGMQYU7;
				INFOPLIST_FILE = "La Rioja TriatlonTests/Info.plist";
				LD_RUNPATH_SEARCH_PATHS = "$(inherited) @executable_path/Frameworks @loader_path/Frameworks";
				PRODUCT_BUNDLE_IDENTIFIER = "sachonidas.La-Rioja-TriatlonTests";
				PRODUCT_NAME = "$(TARGET_NAME)";
				SWIFT_VERSION = 3.0;
				TEST_HOST = "$(BUILT_PRODUCTS_DIR)/La Rioja Triatlon.app/La Rioja Triatlon";
			};
			name = Debug;
		};
		3B0B83C51E2D92E300D87ECB /* Release */ = {
			isa = XCBuildConfiguration;
			buildSettings = {
				ALWAYS_EMBED_SWIFT_STANDARD_LIBRARIES = YES;
				BUNDLE_LOADER = "$(TEST_HOST)";
				DEVELOPMENT_TEAM = 2A4DGMQYU7;
				INFOPLIST_FILE = "La Rioja TriatlonTests/Info.plist";
				LD_RUNPATH_SEARCH_PATHS = "$(inherited) @executable_path/Frameworks @loader_path/Frameworks";
				PRODUCT_BUNDLE_IDENTIFIER = "sachonidas.La-Rioja-TriatlonTests";
				PRODUCT_NAME = "$(TARGET_NAME)";
				SWIFT_VERSION = 3.0;
				TEST_HOST = "$(BUILT_PRODUCTS_DIR)/La Rioja Triatlon.app/La Rioja Triatlon";
			};
			name = Release;
		};
		3B0B83C71E2D92E300D87ECB /* Debug */ = {
			isa = XCBuildConfiguration;
			buildSettings = {
				ALWAYS_EMBED_SWIFT_STANDARD_LIBRARIES = YES;
				DEVELOPMENT_TEAM = 2A4DGMQYU7;
				INFOPLIST_FILE = "La Rioja TriatlonUITests/Info.plist";
				LD_RUNPATH_SEARCH_PATHS = "$(inherited) @executable_path/Frameworks @loader_path/Frameworks";
				PRODUCT_BUNDLE_IDENTIFIER = "sachonidas.La-Rioja-TriatlonUITests";
				PRODUCT_NAME = "$(TARGET_NAME)";
				SWIFT_VERSION = 3.0;
				TEST_TARGET_NAME = "La Rioja Triatlon";
			};
			name = Debug;
		};
		3B0B83C81E2D92E300D87ECB /* Release */ = {
			isa = XCBuildConfiguration;
			buildSettings = {
				ALWAYS_EMBED_SWIFT_STANDARD_LIBRARIES = YES;
				DEVELOPMENT_TEAM = 2A4DGMQYU7;
				INFOPLIST_FILE = "La Rioja TriatlonUITests/Info.plist";
				LD_RUNPATH_SEARCH_PATHS = "$(inherited) @executable_path/Frameworks @loader_path/Frameworks";
				PRODUCT_BUNDLE_IDENTIFIER = "sachonidas.La-Rioja-TriatlonUITests";
				PRODUCT_NAME = "$(TARGET_NAME)";
				SWIFT_VERSION = 3.0;
				TEST_TARGET_NAME = "La Rioja Triatlon";
			};
			name = Release;
		};
/* End XCBuildConfiguration section */

/* Begin XCConfigurationList section */
		3B0B83931E2D92E300D87ECB /* Build configuration list for PBXProject "La Rioja Triatlon" */ = {
			isa = XCConfigurationList;
			buildConfigurations = (
				3B0B83BE1E2D92E300D87ECB /* Debug */,
				3B0B83BF1E2D92E300D87ECB /* Release */,
			);
			defaultConfigurationIsVisible = 0;
			defaultConfigurationName = Release;
		};
		3B0B83C01E2D92E300D87ECB /* Build configuration list for PBXNativeTarget "La Rioja Triatlon" */ = {
			isa = XCConfigurationList;
			buildConfigurations = (
				3B0B83C11E2D92E300D87ECB /* Debug */,
				3B0B83C21E2D92E300D87ECB /* Release */,
			);
			defaultConfigurationIsVisible = 0;
			defaultConfigurationName = Release;
		};
		3B0B83C31E2D92E300D87ECB /* Build configuration list for PBXNativeTarget "La Rioja TriatlonTests" */ = {
			isa = XCConfigurationList;
			buildConfigurations = (
				3B0B83C41E2D92E300D87ECB /* Debug */,
				3B0B83C51E2D92E300D87ECB /* Release */,
			);
			defaultConfigurationIsVisible = 0;
			defaultConfigurationName = Release;
		};
		3B0B83C61E2D92E300D87ECB /* Build configuration list for PBXNativeTarget "La Rioja TriatlonUITests" */ = {
			isa = XCConfigurationList;
			buildConfigurations = (
				3B0B83C71E2D92E300D87ECB /* Debug */,
				3B0B83C81E2D92E300D87ECB /* Release */,
			);
			defaultConfigurationIsVisible = 0;
			defaultConfigurationName = Release;
		};
/* End XCConfigurationList section */
	};
	rootObject = 3B0B83901E2D92E300D87ECB /* Project object */;
}
